// !$*UTF8*$!
{
	archiveVersion = 1;
	classes = {
	};
	objectVersion = 50;
	objects = {

/* Begin PBXBuildFile section */
		3279A9AD278A09AF00476936 /* AppDelegate.swift in Sources */ = {isa = PBXBuildFile; fileRef = 3279A9AC278A09AF00476936 /* AppDelegate.swift */; };
		3279A9AF278A09AF00476936 /* ViewController.swift in Sources */ = {isa = PBXBuildFile; fileRef = 3279A9AE278A09AF00476936 /* ViewController.swift */; };
		3279A9B2278A09AF00476936 /* Main.storyboard in Resources */ = {isa = PBXBuildFile; fileRef = 3279A9B0278A09AF00476936 /* Main.storyboard */; };
		3279A9B4278A09B000476936 /* Assets.xcassets in Resources */ = {isa = PBXBuildFile; fileRef = 3279A9B3278A09B000476936 /* Assets.xcassets */; };
		3279A9B7278A09B000476936 /* LaunchScreen.storyboard in Resources */ = {isa = PBXBuildFile; fileRef = 3279A9B5278A09B000476936 /* LaunchScreen.storyboard */; };
		3279A9C2278A09B000476936 /* Project_10Tests.swift in Sources */ = {isa = PBXBuildFile; fileRef = 3279A9C1278A09B000476936 /* Project_10Tests.swift */; };
		3279A9CD278A09B000476936 /* Project_10UITests.swift in Sources */ = {isa = PBXBuildFile; fileRef = 3279A9CC278A09B000476936 /* Project_10UITests.swift */; };
		3279A9DB278A375E00476936 /* PersonCell.swift in Sources */ = {isa = PBXBuildFile; fileRef = 3279A9DA278A375E00476936 /* PersonCell.swift */; };
		3279A9DD278A498E00476936 /* Person.swift in Sources */ = {isa = PBXBuildFile; fileRef = 3279A9DC278A498E00476936 /* Person.swift */; };
/* End PBXBuildFile section */

/* Begin PBXContainerItemProxy section */
		3279A9BE278A09B000476936 /* PBXContainerItemProxy */ = {
			isa = PBXContainerItemProxy;
			containerPortal = 3279A9A1278A09AF00476936 /* Project object */;
			proxyType = 1;
			remoteGlobalIDString = 3279A9A8278A09AF00476936;
			remoteInfo = "Project 10";
		};
		3279A9C9278A09B000476936 /* PBXContainerItemProxy */ = {
			isa = PBXContainerItemProxy;
			containerPortal = 3279A9A1278A09AF00476936 /* Project object */;
			proxyType = 1;
			remoteGlobalIDString = 3279A9A8278A09AF00476936;
			remoteInfo = "Project 10";
		};
/* End PBXContainerItemProxy section */

/* Begin PBXFileReference section */
		3279A9A9278A09AF00476936 /* Project 10.app */ = {isa = PBXFileReference; explicitFileType = wrapper.application; includeInIndex = 0; path = "Project 10.app"; sourceTree = BUILT_PRODUCTS_DIR; };
		3279A9AC278A09AF00476936 /* AppDelegate.swift */ = {isa = PBXFileReference; lastKnownFileType = sourcecode.swift; path = AppDelegate.swift; sourceTree = "<group>"; };
		3279A9AE278A09AF00476936 /* ViewController.swift */ = {isa = PBXFileReference; lastKnownFileType = sourcecode.swift; path = ViewController.swift; sourceTree = "<group>"; };
		3279A9B1278A09AF00476936 /* Base */ = {isa = PBXFileReference; lastKnownFileType = file.storyboard; name = Base; path = Base.lproj/Main.storyboard; sourceTree = "<group>"; };
		3279A9B3278A09B000476936 /* Assets.xcassets */ = {isa = PBXFileReference; lastKnownFileType = folder.assetcatalog; path = Assets.xcassets; sourceTree = "<group>"; };
		3279A9B6278A09B000476936 /* Base */ = {isa = PBXFileReference; lastKnownFileType = file.storyboard; name = Base; path = Base.lproj/LaunchScreen.storyboard; sourceTree = "<group>"; };
		3279A9B8278A09B000476936 /* Info.plist */ = {isa = PBXFileReference; lastKnownFileType = text.plist.xml; path = Info.plist; sourceTree = "<group>"; };
		3279A9BD278A09B000476936 /* Project 10Tests.xctest */ = {isa = PBXFileReference; explicitFileType = wrapper.cfbundle; includeInIndex = 0; path = "Project 10Tests.xctest"; sourceTree = BUILT_PRODUCTS_DIR; };
		3279A9C1278A09B000476936 /* Project_10Tests.swift */ = {isa = PBXFileReference; lastKnownFileType = sourcecode.swift; path = Project_10Tests.swift; sourceTree = "<group>"; };
		3279A9C3278A09B000476936 /* Info.plist */ = {isa = PBXFileReference; lastKnownFileType = text.plist.xml; path = Info.plist; sourceTree = "<group>"; };
		3279A9C8278A09B000476936 /* Project 10UITests.xctest */ = {isa = PBXFileReference; explicitFileType = wrapper.cfbundle; includeInIndex = 0; path = "Project 10UITests.xctest"; sourceTree = BUILT_PRODUCTS_DIR; };
		3279A9CC278A09B000476936 /* Project_10UITests.swift */ = {isa = PBXFileReference; lastKnownFileType = sourcecode.swift; path = Project_10UITests.swift; sourceTree = "<group>"; };
		3279A9CE278A09B000476936 /* Info.plist */ = {isa = PBXFileReference; lastKnownFileType = text.plist.xml; path = Info.plist; sourceTree = "<group>"; };
		3279A9DA278A375E00476936 /* PersonCell.swift */ = {isa = PBXFileReference; lastKnownFileType = sourcecode.swift; path = PersonCell.swift; sourceTree = "<group>"; };
		3279A9DC278A498E00476936 /* Person.swift */ = {isa = PBXFileReference; lastKnownFileType = sourcecode.swift; path = Person.swift; sourceTree = "<group>"; };
/* End PBXFileReference section */

/* Begin PBXFrameworksBuildPhase section */
		3279A9A6278A09AF00476936 /* Frameworks */ = {
			isa = PBXFrameworksBuildPhase;
			buildActionMask = 2147483647;
			files = (
			);
			runOnlyForDeploymentPostprocessing = 0;
		};
		3279A9BA278A09B000476936 /* Frameworks */ = {
			isa = PBXFrameworksBuildPhase;
			buildActionMask = 2147483647;
			files = (
			);
			runOnlyForDeploymentPostprocessing = 0;
		};
		3279A9C5278A09B000476936 /* Frameworks */ = {
			isa = PBXFrameworksBuildPhase;
			buildActionMask = 2147483647;
			files = (
			);
			runOnlyForDeploymentPostprocessing = 0;
		};
/* End PBXFrameworksBuildPhase section */

/* Begin PBXGroup section */
		3279A9A0278A09AF00476936 = {
			isa = PBXGroup;
			children = (
				3279A9AB278A09AF00476936 /* Project 10 */,
				3279A9C0278A09B000476936 /* Project 10Tests */,
				3279A9CB278A09B000476936 /* Project 10UITests */,
				3279A9AA278A09AF00476936 /* Products */,
			);
			sourceTree = "<group>";
		};
		3279A9AA278A09AF00476936 /* Products */ = {
			isa = PBXGroup;
			children = (
				3279A9A9278A09AF00476936 /* Project 10.app */,
				3279A9BD278A09B000476936 /* Project 10Tests.xctest */,
				3279A9C8278A09B000476936 /* Project 10UITests.xctest */,
			);
			name = Products;
			sourceTree = "<group>";
		};
		3279A9AB278A09AF00476936 /* Project 10 */ = {
			isa = PBXGroup;
			children = (
				3279A9AC278A09AF00476936 /* AppDelegate.swift */,
				3279A9AE278A09AF00476936 /* ViewController.swift */,
				3279A9DA278A375E00476936 /* PersonCell.swift */,
				3279A9DC278A498E00476936 /* Person.swift */,
				3279A9B0278A09AF00476936 /* Main.storyboard */,
				3279A9B3278A09B000476936 /* Assets.xcassets */,
				3279A9B5278A09B000476936 /* LaunchScreen.storyboard */,
				3279A9B8278A09B000476936 /* Info.plist */,
			);
			path = "Project 10";
			sourceTree = "<group>";
		};
		3279A9C0278A09B000476936 /* Project 10Tests */ = {
			isa = PBXGroup;
			children = (
				3279A9C1278A09B000476936 /* Project_10Tests.swift */,
				3279A9C3278A09B000476936 /* Info.plist */,
			);
			path = "Project 10Tests";
			sourceTree = "<group>";
		};
		3279A9CB278A09B000476936 /* Project 10UITests */ = {
			isa = PBXGroup;
			children = (
				3279A9CC278A09B000476936 /* Project_10UITests.swift */,
				3279A9CE278A09B000476936 /* Info.plist */,
			);
			path = "Project 10UITests";
			sourceTree = "<group>";
		};
/* End PBXGroup section */

/* Begin PBXNativeTarget section */
		3279A9A8278A09AF00476936 /* Project 10 */ = {
			isa = PBXNativeTarget;
			buildConfigurationList = 3279A9D1278A09B000476936 /* Build configuration list for PBXNativeTarget "Project 10" */;
			buildPhases = (
				3279A9A5278A09AF00476936 /* Sources */,
				3279A9A6278A09AF00476936 /* Frameworks */,
				3279A9A7278A09AF00476936 /* Resources */,
			);
			buildRules = (
			);
			dependencies = (
			);
			name = "Project 10";
			productName = "Project 10";
			productReference = 3279A9A9278A09AF00476936 /* Project 10.app */;
			productType = "com.apple.product-type.application";
		};
		3279A9BC278A09B000476936 /* Project 10Tests */ = {
			isa = PBXNativeTarget;
			buildConfigurationList = 3279A9D4278A09B000476936 /* Build configuration list for PBXNativeTarget "Project 10Tests" */;
			buildPhases = (
				3279A9B9278A09B000476936 /* Sources */,
				3279A9BA278A09B000476936 /* Frameworks */,
				3279A9BB278A09B000476936 /* Resources */,
			);
			buildRules = (
			);
			dependencies = (
				3279A9BF278A09B000476936 /* PBXTargetDependency */,
			);
			name = "Project 10Tests";
			productName = "Project 10Tests";
			productReference = 3279A9BD278A09B000476936 /* Project 10Tests.xctest */;
			productType = "com.apple.product-type.bundle.unit-test";
		};
		3279A9C7278A09B000476936 /* Project 10UITests */ = {
			isa = PBXNativeTarget;
			buildConfigurationList = 3279A9D7278A09B000476936 /* Build configuration list for PBXNativeTarget "Project 10UITests" */;
			buildPhases = (
				3279A9C4278A09B000476936 /* Sources */,
				3279A9C5278A09B000476936 /* Frameworks */,
				3279A9C6278A09B000476936 /* Resources */,
			);
			buildRules = (
			);
			dependencies = (
				3279A9CA278A09B000476936 /* PBXTargetDependency */,
			);
			name = "Project 10UITests";
			productName = "Project 10UITests";
			productReference = 3279A9C8278A09B000476936 /* Project 10UITests.xctest */;
			productType = "com.apple.product-type.bundle.ui-testing";
		};
/* End PBXNativeTarget section */

/* Begin PBXProject section */
		3279A9A1278A09AF00476936 /* Project object */ = {
			isa = PBXProject;
			attributes = {
				LastSwiftUpdateCheck = 1010;
				LastUpgradeCheck = 1320;
				ORGANIZATIONNAME = "Moritz Beyer";
				TargetAttributes = {
					3279A9A8278A09AF00476936 = {
						CreatedOnToolsVersion = 10.1;
						LastSwiftMigration = 1320;
					};
					3279A9BC278A09B000476936 = {
						CreatedOnToolsVersion = 10.1;
						LastSwiftMigration = 1320;
						TestTargetID = 3279A9A8278A09AF00476936;
					};
					3279A9C7278A09B000476936 = {
						CreatedOnToolsVersion = 10.1;
						LastSwiftMigration = 1320;
						TestTargetID = 3279A9A8278A09AF00476936;
					};
				};
			};
			buildConfigurationList = 3279A9A4278A09AF00476936 /* Build configuration list for PBXProject "Project 10" */;
			compatibilityVersion = "Xcode 9.3";
			developmentRegion = en;
			hasScannedForEncodings = 0;
			knownRegions = (
				en,
				Base,
			);
			mainGroup = 3279A9A0278A09AF00476936;
			productRefGroup = 3279A9AA278A09AF00476936 /* Products */;
			projectDirPath = "";
			projectRoot = "";
			targets = (
				3279A9A8278A09AF00476936 /* Project 10 */,
				3279A9BC278A09B000476936 /* Project 10Tests */,
				3279A9C7278A09B000476936 /* Project 10UITests */,
			);
		};
/* End PBXProject section */

/* Begin PBXResourcesBuildPhase section */
		3279A9A7278A09AF00476936 /* Resources */ = {
			isa = PBXResourcesBuildPhase;
			buildActionMask = 2147483647;
			files = (
				3279A9B7278A09B000476936 /* LaunchScreen.storyboard in Resources */,
				3279A9B4278A09B000476936 /* Assets.xcassets in Resources */,
				3279A9B2278A09AF00476936 /* Main.storyboard in Resources */,
			);
			runOnlyForDeploymentPostprocessing = 0;
		};
		3279A9BB278A09B000476936 /* Resources */ = {
			isa = PBXResourcesBuildPhase;
			buildActionMask = 2147483647;
			files = (
			);
			runOnlyForDeploymentPostprocessing = 0;
		};
		3279A9C6278A09B000476936 /* Resources */ = {
			isa = PBXResourcesBuildPhase;
			buildActionMask = 2147483647;
			files = (
			);
			runOnlyForDeploymentPostprocessing = 0;
		};
/* End PBXResourcesBuildPhase section */

/* Begin PBXSourcesBuildPhase section */
		3279A9A5278A09AF00476936 /* Sources */ = {
			isa = PBXSourcesBuildPhase;
			buildActionMask = 2147483647;
			files = (
				3279A9DB278A375E00476936 /* PersonCell.swift in Sources */,
				3279A9AF278A09AF00476936 /* ViewController.swift in Sources */,
				3279A9DD278A498E00476936 /* Person.swift in Sources */,
				3279A9AD278A09AF00476936 /* AppDelegate.swift in Sources */,
			);
			runOnlyForDeploymentPostprocessing = 0;
		};
		3279A9B9278A09B000476936 /* Sources */ = {
			isa = PBXSourcesBuildPhase;
			buildActionMask = 2147483647;
			files = (
				3279A9C2278A09B000476936 /* Project_10Tests.swift in Sources */,
			);
			runOnlyForDeploymentPostprocessing = 0;
		};
		3279A9C4278A09B000476936 /* Sources */ = {
			isa = PBXSourcesBuildPhase;
			buildActionMask = 2147483647;
			files = (
				3279A9CD278A09B000476936 /* Project_10UITests.swift in Sources */,
			);
			runOnlyForDeploymentPostprocessing = 0;
		};
/* End PBXSourcesBuildPhase section */

/* Begin PBXTargetDependency section */
		3279A9BF278A09B000476936 /* PBXTargetDependency */ = {
			isa = PBXTargetDependency;
			target = 3279A9A8278A09AF00476936 /* Project 10 */;
			targetProxy = 3279A9BE278A09B000476936 /* PBXContainerItemProxy */;
		};
		3279A9CA278A09B000476936 /* PBXTargetDependency */ = {
			isa = PBXTargetDependency;
			target = 3279A9A8278A09AF00476936 /* Project 10 */;
			targetProxy = 3279A9C9278A09B000476936 /* PBXContainerItemProxy */;
		};
/* End PBXTargetDependency section */

/* Begin PBXVariantGroup section */
		3279A9B0278A09AF00476936 /* Main.storyboard */ = {
			isa = PBXVariantGroup;
			children = (
				3279A9B1278A09AF00476936 /* Base */,
			);
			name = Main.storyboard;
			sourceTree = "<group>";
		};
		3279A9B5278A09B000476936 /* LaunchScreen.storyboard */ = {
			isa = PBXVariantGroup;
			children = (
				3279A9B6278A09B000476936 /* Base */,
			);
			name = LaunchScreen.storyboard;
			sourceTree = "<group>";
		};
/* End PBXVariantGroup section */

/* Begin XCBuildConfiguration section */
		3279A9CF278A09B000476936 /* Debug */ = {
			isa = XCBuildConfiguration;
			buildSettings = {
				ALWAYS_SEARCH_USER_PATHS = NO;
				CLANG_ANALYZER_NONNULL = YES;
				CLANG_ANALYZER_NUMBER_OBJECT_CONVERSION = YES_AGGRESSIVE;
				CLANG_CXX_LANGUAGE_STANDARD = "gnu++14";
				CLANG_CXX_LIBRARY = "libc++";
				CLANG_ENABLE_MODULES = YES;
				CLANG_ENABLE_OBJC_ARC = YES;
				CLANG_ENABLE_OBJC_WEAK = YES;
				CLANG_WARN_BLOCK_CAPTURE_AUTORELEASING = YES;
				CLANG_WARN_BOOL_CONVERSION = YES;
				CLANG_WARN_COMMA = YES;
				CLANG_WARN_CONSTANT_CONVERSION = YES;
				CLANG_WARN_DEPRECATED_OBJC_IMPLEMENTATIONS = YES;
				CLANG_WARN_DIRECT_OBJC_ISA_USAGE = YES_ERROR;
				CLANG_WARN_DOCUMENTATION_COMMENTS = YES;
				CLANG_WARN_EMPTY_BODY = YES;
				CLANG_WARN_ENUM_CONVERSION = YES;
				CLANG_WARN_INFINITE_RECURSION = YES;
				CLANG_WARN_INT_CONVERSION = YES;
				CLANG_WARN_NON_LITERAL_NULL_CONVERSION = YES;
				CLANG_WARN_OBJC_IMPLICIT_RETAIN_SELF = YES;
				CLANG_WARN_OBJC_LITERAL_CONVERSION = YES;
				CLANG_WARN_OBJC_ROOT_CLASS = YES_ERROR;
				CLANG_WARN_QUOTED_INCLUDE_IN_FRAMEWORK_HEADER = YES;
				CLANG_WARN_RANGE_LOOP_ANALYSIS = YES;
				CLANG_WARN_STRICT_PROTOTYPES = YES;
				CLANG_WARN_SUSPICIOUS_MOVE = YES;
				CLANG_WARN_UNGUARDED_AVAILABILITY = YES_AGGRESSIVE;
				CLANG_WARN_UNREACHABLE_CODE = YES;
				CLANG_WARN__DUPLICATE_METHOD_MATCH = YES;
				CODE_SIGN_IDENTITY = "iPhone Developer";
				COPY_PHASE_STRIP = NO;
				DEBUG_INFORMATION_FORMAT = dwarf;
				ENABLE_STRICT_OBJC_MSGSEND = YES;
				ENABLE_TESTABILITY = YES;
				GCC_C_LANGUAGE_STANDARD = gnu11;
				GCC_DYNAMIC_NO_PIC = NO;
				GCC_NO_COMMON_BLOCKS = YES;
				GCC_OPTIMIZATION_LEVEL = 0;
				GCC_PREPROCESSOR_DEFINITIONS = (
					"DEBUG=1",
					"$(inherited)",
				);
				GCC_WARN_64_TO_32_BIT_CONVERSION = YES;
				GCC_WARN_ABOUT_RETURN_TYPE = YES_ERROR;
				GCC_WARN_UNDECLARED_SELECTOR = YES;
				GCC_WARN_UNINITIALIZED_AUTOS = YES_AGGRESSIVE;
				GCC_WARN_UNUSED_FUNCTION = YES;
				GCC_WARN_UNUSED_VARIABLE = YES;
				IPHONEOS_DEPLOYMENT_TARGET = 12.1;
				MTL_ENABLE_DEBUG_INFO = INCLUDE_SOURCE;
				MTL_FAST_MATH = YES;
				ONLY_ACTIVE_ARCH = YES;
				SDKROOT = iphoneos;
				SWIFT_ACTIVE_COMPILATION_CONDITIONS = DEBUG;
				SWIFT_OPTIMIZATION_LEVEL = "-Onone";
			};
			name = Debug;
		};
		3279A9D0278A09B000476936 /* Release */ = {
			isa = XCBuildConfiguration;
			buildSettings = {
				ALWAYS_SEARCH_USER_PATHS = NO;
				CLANG_ANALYZER_NONNULL = YES;
				CLANG_ANALYZER_NUMBER_OBJECT_CONVERSION = YES_AGGRESSIVE;
				CLANG_CXX_LANGUAGE_STANDARD = "gnu++14";
				CLANG_CXX_LIBRARY = "libc++";
				CLANG_ENABLE_MODULES = YES;
				CLANG_ENABLE_OBJC_ARC = YES;
				CLANG_ENABLE_OBJC_WEAK = YES;
				CLANG_WARN_BLOCK_CAPTURE_AUTORELEASING = YES;
				CLANG_WARN_BOOL_CONVERSION = YES;
				CLANG_WARN_COMMA = YES;
				CLANG_WARN_CONSTANT_CONVERSION = YES;
				CLANG_WARN_DEPRECATED_OBJC_IMPLEMENTATIONS = YES;
				CLANG_WARN_DIRECT_OBJC_ISA_USAGE = YES_ERROR;
				CLANG_WARN_DOCUMENTATION_COMMENTS = YES;
				CLANG_WARN_EMPTY_BODY = YES;
				CLANG_WARN_ENUM_CONVERSION = YES;
				CLANG_WARN_INFINITE_RECURSION = YES;
				CLANG_WARN_INT_CONVERSION = YES;
				CLANG_WARN_NON_LITERAL_NULL_CONVERSION = YES;
				CLANG_WARN_OBJC_IMPLICIT_RETAIN_SELF = YES;
				CLANG_WARN_OBJC_LITERAL_CONVERSION = YES;
				CLANG_WARN_OBJC_ROOT_CLASS = YES_ERROR;
				CLANG_WARN_QUOTED_INCLUDE_IN_FRAMEWORK_HEADER = YES;
				CLANG_WARN_RANGE_LOOP_ANALYSIS = YES;
				CLANG_WARN_STRICT_PROTOTYPES = YES;
				CLANG_WARN_SUSPICIOUS_MOVE = YES;
				CLANG_WARN_UNGUARDED_AVAILABILITY = YES_AGGRESSIVE;
				CLANG_WARN_UNREACHABLE_CODE = YES;
				CLANG_WARN__DUPLICATE_METHOD_MATCH = YES;
				CODE_SIGN_IDENTITY = "iPhone Developer";
				COPY_PHASE_STRIP = NO;
				DEBUG_INFORMATION_FORMAT = "dwarf-with-dsym";
				ENABLE_NS_ASSERTIONS = NO;
				ENABLE_STRICT_OBJC_MSGSEND = YES;
				GCC_C_LANGUAGE_STANDARD = gnu11;
				GCC_NO_COMMON_BLOCKS = YES;
				GCC_WARN_64_TO_32_BIT_CONVERSION = YES;
				GCC_WARN_ABOUT_RETURN_TYPE = YES_ERROR;
				GCC_WARN_UNDECLARED_SELECTOR = YES;
				GCC_WARN_UNINITIALIZED_AUTOS = YES_AGGRESSIVE;
				GCC_WARN_UNUSED_FUNCTION = YES;
				GCC_WARN_UNUSED_VARIABLE = YES;
				IPHONEOS_DEPLOYMENT_TARGET = 12.1;
				MTL_ENABLE_DEBUG_INFO = NO;
				MTL_FAST_MATH = YES;
				SDKROOT = iphoneos;
				SWIFT_COMPILATION_MODE = wholemodule;
				SWIFT_OPTIMIZATION_LEVEL = "-O";
				VALIDATE_PRODUCT = YES;
			};
			name = Release;
		};
		3279A9D2278A09B000476936 /* Debug */ = {
			isa = XCBuildConfiguration;
			buildSettings = {
				ASSETCATALOG_COMPILER_APPICON_NAME = AppIcon;
				CODE_SIGN_STYLE = Automatic;
				DEVELOPMENT_TEAM = ZUN5U84697;
				INFOPLIST_FILE = "Project 10/Info.plist";
				LD_RUNPATH_SEARCH_PATHS = (
					"$(inherited)",
					"@executable_path/Frameworks",
				);
				PRODUCT_BUNDLE_IDENTIFIER = "Hello-World.Project-10";
				PRODUCT_NAME = "$(TARGET_NAME)";
				SWIFT_VERSION = 5.0;
				TARGETED_DEVICE_FAMILY = "1,2";
			};
			name = Debug;
		};
		3279A9D3278A09B000476936 /* Release */ = {
			isa = XCBuildConfiguration;
			buildSettings = {
				ASSETCATALOG_COMPILER_APPICON_NAME = AppIcon;
				CODE_SIGN_STYLE = Automatic;
				DEVELOPMENT_TEAM = ZUN5U84697;
				INFOPLIST_FILE = "Project 10/Info.plist";
				LD_RUNPATH_SEARCH_PATHS = (
					"$(inherited)",
					"@executable_path/Frameworks",
				);
				PRODUCT_BUNDLE_IDENTIFIER = "Hello-World.Project-10";
				PRODUCT_NAME = "$(TARGET_NAME)";
				SWIFT_VERSION = 5.0;
				TARGETED_DEVICE_FAMILY = "1,2";
			};
			name = Release;
		};
		3279A9D5278A09B000476936 /* Debug */ = {
			isa = XCBuildConfiguration;
			buildSettings = {
				ALWAYS_EMBED_SWIFT_STANDARD_LIBRARIES = YES;
				BUNDLE_LOADER = "$(TEST_HOST)";
				CODE_SIGN_STYLE = Automatic;
				INFOPLIST_FILE = "Project 10Tests/Info.plist";
				LD_RUNPATH_SEARCH_PATHS = (
					"$(inherited)",
					"@executable_path/Frameworks",
					"@loader_path/Frameworks",
				);
				PRODUCT_BUNDLE_IDENTIFIER = "Hello-World.Project-10Tests";
				PRODUCT_NAME = "$(TARGET_NAME)";
				SWIFT_VERSION = 5.0;
				TARGETED_DEVICE_FAMILY = "1,2";
				TEST_HOST = "$(BUILT_PRODUCTS_DIR)/Project 10.app/Project 10";
			};
			name = Debug;
		};
		3279A9D6278A09B000476936 /* Release */ = {
			isa = XCBuildConfiguration;
			buildSettings = {
				ALWAYS_EMBED_SWIFT_STANDARD_LIBRARIES = YES;
				BUNDLE_LOADER = "$(TEST_HOST)";
				CODE_SIGN_STYLE = Automatic;
				INFOPLIST_FILE = "Project 10Tests/Info.plist";
				LD_RUNPATH_SEARCH_PATHS = (
					"$(inherited)",
					"@executable_path/Frameworks",
					"@loader_path/Frameworks",
				);
				PRODUCT_BUNDLE_IDENTIFIER = "Hello-World.Project-10Tests";
				PRODUCT_NAME = "$(TARGET_NAME)";
				SWIFT_VERSION = 5.0;
				TARGETED_DEVICE_FAMILY = "1,2";
				TEST_HOST = "$(BUILT_PRODUCTS_DIR)/Project 10.app/Project 10";
			};
			name = Release;
		};
		3279A9D8278A09B000476936 /* Debug */ = {
			isa = XCBuildConfiguration;
			buildSettings = {
				ALWAYS_EMBED_SWIFT_STANDARD_LIBRARIES = YES;
				CODE_SIGN_STYLE = Automatic;
				INFOPLIST_FILE = "Project 10UITests/Info.plist";
				LD_RUNPATH_SEARCH_PATHS = (
					"$(inherited)",
					"@executable_path/Frameworks",
					"@loader_path/Frameworks",
				);
				PRODUCT_BUNDLE_IDENTIFIER = "Hello-World.Project-10UITests";
				PRODUCT_NAME = "$(TARGET_NAME)";
				SWIFT_VERSION = 5.0;
				TARGETED_DEVICE_FAMILY = "1,2";
				TEST_TARGET_NAME = "Project 10";
			};
			name = Debug;
		};
		3279A9D9278A09B000476936 /* Release */ = {
			isa = XCBuildConfiguration;
			buildSettings = {
				ALWAYS_EMBED_SWIFT_STANDARD_LIBRARIES = YES;
				CODE_SIGN_STYLE = Automatic;
				INFOPLIST_FILE = "Project 10UITests/Info.plist";
				LD_RUNPATH_SEARCH_PATHS = (
					"$(inherited)",
					"@executable_path/Frameworks",
					"@loader_path/Frameworks",
				);
				PRODUCT_BUNDLE_IDENTIFIER = "Hello-World.Project-10UITests";
				PRODUCT_NAME = "$(TARGET_NAME)";
				SWIFT_VERSION = 5.0;
				TARGETED_DEVICE_FAMILY = "1,2";
				TEST_TARGET_NAME = "Project 10";
			};
			name = Release;
		};
/* End XCBuildConfiguration section */

/* Begin XCConfigurationList section */
		3279A9A4278A09AF00476936 /* Build configuration list for PBXProject "Project 10" */ = {
			isa = XCConfigurationList;
			buildConfigurations = (
				3279A9CF278A09B000476936 /* Debug */,
				3279A9D0278A09B000476936 /* Release */,
			);
			defaultConfigurationIsVisible = 0;
			defaultConfigurationName = Release;
		};
		3279A9D1278A09B000476936 /* Build configuration list for PBXNativeTarget "Project 10" */ = {
			isa = XCConfigurationList;
			buildConfigurations = (
				3279A9D2278A09B000476936 /* Debug */,
				3279A9D3278A09B000476936 /* Release */,
			);
			defaultConfigurationIsVisible = 0;
			defaultConfigurationName = Release;
		};
		3279A9D4278A09B000476936 /* Build configuration list for PBXNativeTarget "Project 10Tests" */ = {
			isa = XCConfigurationList;
			buildConfigurations = (
				3279A9D5278A09B000476936 /* Debug */,
				3279A9D6278A09B000476936 /* Release */,
			);
			defaultConfigurationIsVisible = 0;
			defaultConfigurationName = Release;
		};
		3279A9D7278A09B000476936 /* Build configuration list for PBXNativeTarget "Project 10UITests" */ = {
			isa = XCConfigurationList;
			buildConfigurations = (
				3279A9D8278A09B000476936 /* Debug */,
				3279A9D9278A09B000476936 /* Release */,
			);
			defaultConfigurationIsVisible = 0;
			defaultConfigurationName = Release;
		};
/* End XCConfigurationList section */
	};
	rootObject = 3279A9A1278A09AF00476936 /* Project object */;
}
