// !$*UTF8*$!
{
	archiveVersion = 1;
	classes = {
	};
	objectVersion = 50;
	objects = {

/* Begin PBXBuildFile section */
		32A1126D2798242200C4C545 /* AppDelegate.swift in Sources */ = {isa = PBXBuildFile; fileRef = 32A1126C2798242200C4C545 /* AppDelegate.swift */; };
		32A1126F2798242200C4C545 /* ViewController.swift in Sources */ = {isa = PBXBuildFile; fileRef = 32A1126E2798242200C4C545 /* ViewController.swift */; };
		32A112722798242200C4C545 /* Main.storyboard in Resources */ = {isa = PBXBuildFile; fileRef = 32A112702798242200C4C545 /* Main.storyboard */; };
		32A112742798242400C4C545 /* Assets.xcassets in Resources */ = {isa = PBXBuildFile; fileRef = 32A112732798242400C4C545 /* Assets.xcassets */; };
		32A112772798242400C4C545 /* LaunchScreen.storyboard in Resources */ = {isa = PBXBuildFile; fileRef = 32A112752798242400C4C545 /* LaunchScreen.storyboard */; };
		32A112822798242400C4C545 /* Project_13Tests.swift in Sources */ = {isa = PBXBuildFile; fileRef = 32A112812798242400C4C545 /* Project_13Tests.swift */; };
		32A1128D2798242400C4C545 /* Project_13UITests.swift in Sources */ = {isa = PBXBuildFile; fileRef = 32A1128C2798242400C4C545 /* Project_13UITests.swift */; };
/* End PBXBuildFile section */

/* Begin PBXContainerItemProxy section */
		32A1127E2798242400C4C545 /* PBXContainerItemProxy */ = {
			isa = PBXContainerItemProxy;
			containerPortal = 32A112612798242200C4C545 /* Project object */;
			proxyType = 1;
			remoteGlobalIDString = 32A112682798242200C4C545;
			remoteInfo = "Project 13";
		};
		32A112892798242400C4C545 /* PBXContainerItemProxy */ = {
			isa = PBXContainerItemProxy;
			containerPortal = 32A112612798242200C4C545 /* Project object */;
			proxyType = 1;
			remoteGlobalIDString = 32A112682798242200C4C545;
			remoteInfo = "Project 13";
		};
/* End PBXContainerItemProxy section */

/* Begin PBXFileReference section */
		32A112692798242200C4C545 /* Project 13.app */ = {isa = PBXFileReference; explicitFileType = wrapper.application; includeInIndex = 0; path = "Project 13.app"; sourceTree = BUILT_PRODUCTS_DIR; };
		32A1126C2798242200C4C545 /* AppDelegate.swift */ = {isa = PBXFileReference; lastKnownFileType = sourcecode.swift; path = AppDelegate.swift; sourceTree = "<group>"; };
		32A1126E2798242200C4C545 /* ViewController.swift */ = {isa = PBXFileReference; lastKnownFileType = sourcecode.swift; path = ViewController.swift; sourceTree = "<group>"; };
		32A112712798242200C4C545 /* Base */ = {isa = PBXFileReference; lastKnownFileType = file.storyboard; name = Base; path = Base.lproj/Main.storyboard; sourceTree = "<group>"; };
		32A112732798242400C4C545 /* Assets.xcassets */ = {isa = PBXFileReference; lastKnownFileType = folder.assetcatalog; path = Assets.xcassets; sourceTree = "<group>"; };
		32A112762798242400C4C545 /* Base */ = {isa = PBXFileReference; lastKnownFileType = file.storyboard; name = Base; path = Base.lproj/LaunchScreen.storyboard; sourceTree = "<group>"; };
		32A112782798242400C4C545 /* Info.plist */ = {isa = PBXFileReference; lastKnownFileType = text.plist.xml; path = Info.plist; sourceTree = "<group>"; };
		32A1127D2798242400C4C545 /* Project 13Tests.xctest */ = {isa = PBXFileReference; explicitFileType = wrapper.cfbundle; includeInIndex = 0; path = "Project 13Tests.xctest"; sourceTree = BUILT_PRODUCTS_DIR; };
		32A112812798242400C4C545 /* Project_13Tests.swift */ = {isa = PBXFileReference; lastKnownFileType = sourcecode.swift; path = Project_13Tests.swift; sourceTree = "<group>"; };
		32A112832798242400C4C545 /* Info.plist */ = {isa = PBXFileReference; lastKnownFileType = text.plist.xml; path = Info.plist; sourceTree = "<group>"; };
		32A112882798242400C4C545 /* Project 13UITests.xctest */ = {isa = PBXFileReference; explicitFileType = wrapper.cfbundle; includeInIndex = 0; path = "Project 13UITests.xctest"; sourceTree = BUILT_PRODUCTS_DIR; };
		32A1128C2798242400C4C545 /* Project_13UITests.swift */ = {isa = PBXFileReference; lastKnownFileType = sourcecode.swift; path = Project_13UITests.swift; sourceTree = "<group>"; };
		32A1128E2798242400C4C545 /* Info.plist */ = {isa = PBXFileReference; lastKnownFileType = text.plist.xml; path = Info.plist; sourceTree = "<group>"; };
		32A1129A2798246300C4C545 /* Notes.playground */ = {isa = PBXFileReference; lastKnownFileType = file.playground; path = Notes.playground; sourceTree = "<group>"; xcLanguageSpecificationIdentifier = xcode.lang.swift; };
/* End PBXFileReference section */

/* Begin PBXFrameworksBuildPhase section */
		32A112662798242200C4C545 /* Frameworks */ = {
			isa = PBXFrameworksBuildPhase;
			buildActionMask = 2147483647;
			files = (
			);
			runOnlyForDeploymentPostprocessing = 0;
		};
		32A1127A2798242400C4C545 /* Frameworks */ = {
			isa = PBXFrameworksBuildPhase;
			buildActionMask = 2147483647;
			files = (
			);
			runOnlyForDeploymentPostprocessing = 0;
		};
		32A112852798242400C4C545 /* Frameworks */ = {
			isa = PBXFrameworksBuildPhase;
			buildActionMask = 2147483647;
			files = (
			);
			runOnlyForDeploymentPostprocessing = 0;
		};
/* End PBXFrameworksBuildPhase section */

/* Begin PBXGroup section */
		32A112602798242200C4C545 = {
			isa = PBXGroup;
			children = (
				32A1129A2798246300C4C545 /* Notes.playground */,
				32A1126B2798242200C4C545 /* Project 13 */,
				32A112802798242400C4C545 /* Project 13Tests */,
				32A1128B2798242400C4C545 /* Project 13UITests */,
				32A1126A2798242200C4C545 /* Products */,
			);
			sourceTree = "<group>";
		};
		32A1126A2798242200C4C545 /* Products */ = {
			isa = PBXGroup;
			children = (
				32A112692798242200C4C545 /* Project 13.app */,
				32A1127D2798242400C4C545 /* Project 13Tests.xctest */,
				32A112882798242400C4C545 /* Project 13UITests.xctest */,
			);
			name = Products;
			sourceTree = "<group>";
		};
		32A1126B2798242200C4C545 /* Project 13 */ = {
			isa = PBXGroup;
			children = (
				32A1126C2798242200C4C545 /* AppDelegate.swift */,
				32A1126E2798242200C4C545 /* ViewController.swift */,
				32A112702798242200C4C545 /* Main.storyboard */,
				32A112732798242400C4C545 /* Assets.xcassets */,
				32A112752798242400C4C545 /* LaunchScreen.storyboard */,
				32A112782798242400C4C545 /* Info.plist */,
			);
			path = "Project 13";
			sourceTree = "<group>";
		};
		32A112802798242400C4C545 /* Project 13Tests */ = {
			isa = PBXGroup;
			children = (
				32A112812798242400C4C545 /* Project_13Tests.swift */,
				32A112832798242400C4C545 /* Info.plist */,
			);
			path = "Project 13Tests";
			sourceTree = "<group>";
		};
		32A1128B2798242400C4C545 /* Project 13UITests */ = {
			isa = PBXGroup;
			children = (
				32A1128C2798242400C4C545 /* Project_13UITests.swift */,
				32A1128E2798242400C4C545 /* Info.plist */,
			);
			path = "Project 13UITests";
			sourceTree = "<group>";
		};
/* End PBXGroup section */

/* Begin PBXNativeTarget section */
		32A112682798242200C4C545 /* Project 13 */ = {
			isa = PBXNativeTarget;
			buildConfigurationList = 32A112912798242400C4C545 /* Build configuration list for PBXNativeTarget "Project 13" */;
			buildPhases = (
				32A112652798242200C4C545 /* Sources */,
				32A112662798242200C4C545 /* Frameworks */,
				32A112672798242200C4C545 /* Resources */,
			);
			buildRules = (
			);
			dependencies = (
			);
			name = "Project 13";
			productName = "Project 13";
			productReference = 32A112692798242200C4C545 /* Project 13.app */;
			productType = "com.apple.product-type.application";
		};
		32A1127C2798242400C4C545 /* Project 13Tests */ = {
			isa = PBXNativeTarget;
			buildConfigurationList = 32A112942798242400C4C545 /* Build configuration list for PBXNativeTarget "Project 13Tests" */;
			buildPhases = (
				32A112792798242400C4C545 /* Sources */,
				32A1127A2798242400C4C545 /* Frameworks */,
				32A1127B2798242400C4C545 /* Resources */,
			);
			buildRules = (
			);
			dependencies = (
				32A1127F2798242400C4C545 /* PBXTargetDependency */,
			);
			name = "Project 13Tests";
			productName = "Project 13Tests";
			productReference = 32A1127D2798242400C4C545 /* Project 13Tests.xctest */;
			productType = "com.apple.product-type.bundle.unit-test";
		};
		32A112872798242400C4C545 /* Project 13UITests */ = {
			isa = PBXNativeTarget;
			buildConfigurationList = 32A112972798242400C4C545 /* Build configuration list for PBXNativeTarget "Project 13UITests" */;
			buildPhases = (
				32A112842798242400C4C545 /* Sources */,
				32A112852798242400C4C545 /* Frameworks */,
				32A112862798242400C4C545 /* Resources */,
			);
			buildRules = (
			);
			dependencies = (
				32A1128A2798242400C4C545 /* PBXTargetDependency */,
			);
			name = "Project 13UITests";
			productName = "Project 13UITests";
			productReference = 32A112882798242400C4C545 /* Project 13UITests.xctest */;
			productType = "com.apple.product-type.bundle.ui-testing";
		};
/* End PBXNativeTarget section */

/* Begin PBXProject section */
		32A112612798242200C4C545 /* Project object */ = {
			isa = PBXProject;
			attributes = {
				LastSwiftUpdateCheck = 1010;
				LastUpgradeCheck = 1010;
				ORGANIZATIONNAME = "Moritz Beyer";
				TargetAttributes = {
					32A112682798242200C4C545 = {
						CreatedOnToolsVersion = 10.1;
					};
					32A1127C2798242400C4C545 = {
						CreatedOnToolsVersion = 10.1;
						TestTargetID = 32A112682798242200C4C545;
					};
					32A112872798242400C4C545 = {
						CreatedOnToolsVersion = 10.1;
						TestTargetID = 32A112682798242200C4C545;
					};
				};
			};
			buildConfigurationList = 32A112642798242200C4C545 /* Build configuration list for PBXProject "Project 13" */;
			compatibilityVersion = "Xcode 9.3";
			developmentRegion = en;
			hasScannedForEncodings = 0;
			knownRegions = (
				en,
				Base,
			);
			mainGroup = 32A112602798242200C4C545;
			productRefGroup = 32A1126A2798242200C4C545 /* Products */;
			projectDirPath = "";
			projectRoot = "";
			targets = (
				32A112682798242200C4C545 /* Project 13 */,
				32A1127C2798242400C4C545 /* Project 13Tests */,
				32A112872798242400C4C545 /* Project 13UITests */,
			);
		};
/* End PBXProject section */

/* Begin PBXResourcesBuildPhase section */
		32A112672798242200C4C545 /* Resources */ = {
			isa = PBXResourcesBuildPhase;
			buildActionMask = 2147483647;
			files = (
				32A112772798242400C4C545 /* LaunchScreen.storyboard in Resources */,
				32A112742798242400C4C545 /* Assets.xcassets in Resources */,
				32A112722798242200C4C545 /* Main.storyboard in Resources */,
			);
			runOnlyForDeploymentPostprocessing = 0;
		};
		32A1127B2798242400C4C545 /* Resources */ = {
			isa = PBXResourcesBuildPhase;
			buildActionMask = 2147483647;
			files = (
			);
			runOnlyForDeploymentPostprocessing = 0;
		};
		32A112862798242400C4C545 /* Resources */ = {
			isa = PBXResourcesBuildPhase;
			buildActionMask = 2147483647;
			files = (
			);
			runOnlyForDeploymentPostprocessing = 0;
		};
/* End PBXResourcesBuildPhase section */

/* Begin PBXSourcesBuildPhase section */
		32A112652798242200C4C545 /* Sources */ = {
			isa = PBXSourcesBuildPhase;
			buildActionMask = 2147483647;
			files = (
				32A1126F2798242200C4C545 /* ViewController.swift in Sources */,
				32A1126D2798242200C4C545 /* AppDelegate.swift in Sources */,
			);
			runOnlyForDeploymentPostprocessing = 0;
		};
		32A112792798242400C4C545 /* Sources */ = {
			isa = PBXSourcesBuildPhase;
			buildActionMask = 2147483647;
			files = (
				32A112822798242400C4C545 /* Project_13Tests.swift in Sources */,
			);
			runOnlyForDeploymentPostprocessing = 0;
		};
		32A112842798242400C4C545 /* Sources */ = {
			isa = PBXSourcesBuildPhase;
			buildActionMask = 2147483647;
			files = (
				32A1128D2798242400C4C545 /* Project_13UITests.swift in Sources */,
			);
			runOnlyForDeploymentPostprocessing = 0;
		};
/* End PBXSourcesBuildPhase section */

/* Begin PBXTargetDependency section */
		32A1127F2798242400C4C545 /* PBXTargetDependency */ = {
			isa = PBXTargetDependency;
			target = 32A112682798242200C4C545 /* Project 13 */;
			targetProxy = 32A1127E2798242400C4C545 /* PBXContainerItemProxy */;
		};
		32A1128A2798242400C4C545 /* PBXTargetDependency */ = {
			isa = PBXTargetDependency;
			target = 32A112682798242200C4C545 /* Project 13 */;
			targetProxy = 32A112892798242400C4C545 /* PBXContainerItemProxy */;
		};
/* End PBXTargetDependency section */

/* Begin PBXVariantGroup section */
		32A112702798242200C4C545 /* Main.storyboard */ = {
			isa = PBXVariantGroup;
			children = (
				32A112712798242200C4C545 /* Base */,
			);
			name = Main.storyboard;
			sourceTree = "<group>";
		};
		32A112752798242400C4C545 /* LaunchScreen.storyboard */ = {
			isa = PBXVariantGroup;
			children = (
				32A112762798242400C4C545 /* Base */,
			);
			name = LaunchScreen.storyboard;
			sourceTree = "<group>";
		};
/* End PBXVariantGroup section */

/* Begin XCBuildConfiguration section */
		32A1128F2798242400C4C545 /* Debug */ = {
			isa = XCBuildConfiguration;
			buildSettings = {
				ALWAYS_SEARCH_USER_PATHS = NO;
				CLANG_ANALYZER_NONNULL = YES;
				CLANG_ANALYZER_NUMBER_OBJECT_CONVERSION = YES_AGGRESSIVE;
				CLANG_CXX_LANGUAGE_STANDARD = "gnu++14";
				CLANG_CXX_LIBRARY = "libc++";
				CLANG_ENABLE_MODULES = YES;
				CLANG_ENABLE_OBJC_ARC = YES;
				CLANG_ENABLE_OBJC_WEAK = YES;
				CLANG_WARN_BLOCK_CAPTURE_AUTORELEASING = YES;
				CLANG_WARN_BOOL_CONVERSION = YES;
				CLANG_WARN_COMMA = YES;
				CLANG_WARN_CONSTANT_CONVERSION = YES;
				CLANG_WARN_DEPRECATED_OBJC_IMPLEMENTATIONS = YES;
				CLANG_WARN_DIRECT_OBJC_ISA_USAGE = YES_ERROR;
				CLANG_WARN_DOCUMENTATION_COMMENTS = YES;
				CLANG_WARN_EMPTY_BODY = YES;
				CLANG_WARN_ENUM_CONVERSION = YES;
				CLANG_WARN_INFINITE_RECURSION = YES;
				CLANG_WARN_INT_CONVERSION = YES;
				CLANG_WARN_NON_LITERAL_NULL_CONVERSION = YES;
				CLANG_WARN_OBJC_IMPLICIT_RETAIN_SELF = YES;
				CLANG_WARN_OBJC_LITERAL_CONVERSION = YES;
				CLANG_WARN_OBJC_ROOT_CLASS = YES_ERROR;
				CLANG_WARN_RANGE_LOOP_ANALYSIS = YES;
				CLANG_WARN_STRICT_PROTOTYPES = YES;
				CLANG_WARN_SUSPICIOUS_MOVE = YES;
				CLANG_WARN_UNGUARDED_AVAILABILITY = YES_AGGRESSIVE;
				CLANG_WARN_UNREACHABLE_CODE = YES;
				CLANG_WARN__DUPLICATE_METHOD_MATCH = YES;
				CODE_SIGN_IDENTITY = "iPhone Developer";
				COPY_PHASE_STRIP = NO;
				DEBUG_INFORMATION_FORMAT = dwarf;
				ENABLE_STRICT_OBJC_MSGSEND = YES;
				ENABLE_TESTABILITY = YES;
				GCC_C_LANGUAGE_STANDARD = gnu11;
				GCC_DYNAMIC_NO_PIC = NO;
				GCC_NO_COMMON_BLOCKS = YES;
				GCC_OPTIMIZATION_LEVEL = 0;
				GCC_PREPROCESSOR_DEFINITIONS = (
					"DEBUG=1",
					"$(inherited)",
				);
				GCC_WARN_64_TO_32_BIT_CONVERSION = YES;
				GCC_WARN_ABOUT_RETURN_TYPE = YES_ERROR;
				GCC_WARN_UNDECLARED_SELECTOR = YES;
				GCC_WARN_UNINITIALIZED_AUTOS = YES_AGGRESSIVE;
				GCC_WARN_UNUSED_FUNCTION = YES;
				GCC_WARN_UNUSED_VARIABLE = YES;
				IPHONEOS_DEPLOYMENT_TARGET = 12.1;
				MTL_ENABLE_DEBUG_INFO = INCLUDE_SOURCE;
				MTL_FAST_MATH = YES;
				ONLY_ACTIVE_ARCH = YES;
				SDKROOT = iphoneos;
				SWIFT_ACTIVE_COMPILATION_CONDITIONS = DEBUG;
				SWIFT_OPTIMIZATION_LEVEL = "-Onone";
			};
			name = Debug;
		};
		32A112902798242400C4C545 /* Release */ = {
			isa = XCBuildConfiguration;
			buildSettings = {
				ALWAYS_SEARCH_USER_PATHS = NO;
				CLANG_ANALYZER_NONNULL = YES;
				CLANG_ANALYZER_NUMBER_OBJECT_CONVERSION = YES_AGGRESSIVE;
				CLANG_CXX_LANGUAGE_STANDARD = "gnu++14";
				CLANG_CXX_LIBRARY = "libc++";
				CLANG_ENABLE_MODULES = YES;
				CLANG_ENABLE_OBJC_ARC = YES;
				CLANG_ENABLE_OBJC_WEAK = YES;
				CLANG_WARN_BLOCK_CAPTURE_AUTORELEASING = YES;
				CLANG_WARN_BOOL_CONVERSION = YES;
				CLANG_WARN_COMMA = YES;
				CLANG_WARN_CONSTANT_CONVERSION = YES;
				CLANG_WARN_DEPRECATED_OBJC_IMPLEMENTATIONS = YES;
				CLANG_WARN_DIRECT_OBJC_ISA_USAGE = YES_ERROR;
				CLANG_WARN_DOCUMENTATION_COMMENTS = YES;
				CLANG_WARN_EMPTY_BODY = YES;
				CLANG_WARN_ENUM_CONVERSION = YES;
				CLANG_WARN_INFINITE_RECURSION = YES;
				CLANG_WARN_INT_CONVERSION = YES;
				CLANG_WARN_NON_LITERAL_NULL_CONVERSION = YES;
				CLANG_WARN_OBJC_IMPLICIT_RETAIN_SELF = YES;
				CLANG_WARN_OBJC_LITERAL_CONVERSION = YES;
				CLANG_WARN_OBJC_ROOT_CLASS = YES_ERROR;
				CLANG_WARN_RANGE_LOOP_ANALYSIS = YES;
				CLANG_WARN_STRICT_PROTOTYPES = YES;
				CLANG_WARN_SUSPICIOUS_MOVE = YES;
				CLANG_WARN_UNGUARDED_AVAILABILITY = YES_AGGRESSIVE;
				CLANG_WARN_UNREACHABLE_CODE = YES;
				CLANG_WARN__DUPLICATE_METHOD_MATCH = YES;
				CODE_SIGN_IDENTITY = "iPhone Developer";
				COPY_PHASE_STRIP = NO;
				DEBUG_INFORMATION_FORMAT = "dwarf-with-dsym";
				ENABLE_NS_ASSERTIONS = NO;
				ENABLE_STRICT_OBJC_MSGSEND = YES;
				GCC_C_LANGUAGE_STANDARD = gnu11;
				GCC_NO_COMMON_BLOCKS = YES;
				GCC_WARN_64_TO_32_BIT_CONVERSION = YES;
				GCC_WARN_ABOUT_RETURN_TYPE = YES_ERROR;
				GCC_WARN_UNDECLARED_SELECTOR = YES;
				GCC_WARN_UNINITIALIZED_AUTOS = YES_AGGRESSIVE;
				GCC_WARN_UNUSED_FUNCTION = YES;
				GCC_WARN_UNUSED_VARIABLE = YES;
				IPHONEOS_DEPLOYMENT_TARGET = 12.1;
				MTL_ENABLE_DEBUG_INFO = NO;
				MTL_FAST_MATH = YES;
				SDKROOT = iphoneos;
				SWIFT_COMPILATION_MODE = wholemodule;
				SWIFT_OPTIMIZATION_LEVEL = "-O";
				VALIDATE_PRODUCT = YES;
			};
			name = Release;
		};
		32A112922798242400C4C545 /* Debug */ = {
			isa = XCBuildConfiguration;
			buildSettings = {
				ASSETCATALOG_COMPILER_APPICON_NAME = AppIcon;
				CODE_SIGN_STYLE = Automatic;
				DEVELOPMENT_TEAM = ZUN5U84697;
				INFOPLIST_FILE = "Project 13/Info.plist";
				LD_RUNPATH_SEARCH_PATHS = (
					"$(inherited)",
					"@executable_path/Frameworks",
				);
				PRODUCT_BUNDLE_IDENTIFIER = "Hello-World.Project-13";
				PRODUCT_NAME = "$(TARGET_NAME)";
				SWIFT_VERSION = 4.2;
				TARGETED_DEVICE_FAMILY = "1,2";
			};
			name = Debug;
		};
		32A112932798242400C4C545 /* Release */ = {
			isa = XCBuildConfiguration;
			buildSettings = {
				ASSETCATALOG_COMPILER_APPICON_NAME = AppIcon;
				CODE_SIGN_STYLE = Automatic;
				DEVELOPMENT_TEAM = ZUN5U84697;
				INFOPLIST_FILE = "Project 13/Info.plist";
				LD_RUNPATH_SEARCH_PATHS = (
					"$(inherited)",
					"@executable_path/Frameworks",
				);
				PRODUCT_BUNDLE_IDENTIFIER = "Hello-World.Project-13";
				PRODUCT_NAME = "$(TARGET_NAME)";
				SWIFT_VERSION = 4.2;
				TARGETED_DEVICE_FAMILY = "1,2";
			};
			name = Release;
		};
		32A112952798242400C4C545 /* Debug */ = {
			isa = XCBuildConfiguration;
			buildSettings = {
				ALWAYS_EMBED_SWIFT_STANDARD_LIBRARIES = YES;
				BUNDLE_LOADER = "$(TEST_HOST)";
				CODE_SIGN_STYLE = Automatic;
				DEVELOPMENT_TEAM = ZUN5U84697;
				INFOPLIST_FILE = "Project 13Tests/Info.plist";
				LD_RUNPATH_SEARCH_PATHS = (
					"$(inherited)",
					"@executable_path/Frameworks",
					"@loader_path/Frameworks",
				);
				PRODUCT_BUNDLE_IDENTIFIER = "Hello-World.Project-13Tests";
				PRODUCT_NAME = "$(TARGET_NAME)";
				SWIFT_VERSION = 4.2;
				TARGETED_DEVICE_FAMILY = "1,2";
				TEST_HOST = "$(BUILT_PRODUCTS_DIR)/Project 13.app/Project 13";
			};
			name = Debug;
		};
		32A112962798242400C4C545 /* Release */ = {
			isa = XCBuildConfiguration;
			buildSettings = {
				ALWAYS_EMBED_SWIFT_STANDARD_LIBRARIES = YES;
				BUNDLE_LOADER = "$(TEST_HOST)";
				CODE_SIGN_STYLE = Automatic;
				DEVELOPMENT_TEAM = ZUN5U84697;
				INFOPLIST_FILE = "Project 13Tests/Info.plist";
				LD_RUNPATH_SEARCH_PATHS = (
					"$(inherited)",
					"@executable_path/Frameworks",
					"@loader_path/Frameworks",
				);
				PRODUCT_BUNDLE_IDENTIFIER = "Hello-World.Project-13Tests";
				PRODUCT_NAME = "$(TARGET_NAME)";
				SWIFT_VERSION = 4.2;
				TARGETED_DEVICE_FAMILY = "1,2";
				TEST_HOST = "$(BUILT_PRODUCTS_DIR)/Project 13.app/Project 13";
			};
			name = Release;
		};
		32A112982798242400C4C545 /* Debug */ = {
			isa = XCBuildConfiguration;
			buildSettings = {
				ALWAYS_EMBED_SWIFT_STANDARD_LIBRARIES = YES;
				CODE_SIGN_STYLE = Automatic;
				DEVELOPMENT_TEAM = ZUN5U84697;
				INFOPLIST_FILE = "Project 13UITests/Info.plist";
				LD_RUNPATH_SEARCH_PATHS = (
					"$(inherited)",
					"@executable_path/Frameworks",
					"@loader_path/Frameworks",
				);
				PRODUCT_BUNDLE_IDENTIFIER = "Hello-World.Project-13UITests";
				PRODUCT_NAME = "$(TARGET_NAME)";
				SWIFT_VERSION = 4.2;
				TARGETED_DEVICE_FAMILY = "1,2";
				TEST_TARGET_NAME = "Project 13";
			};
			name = Debug;
		};
		32A112992798242400C4C545 /* Release */ = {
			isa = XCBuildConfiguration;
			buildSettings = {
				ALWAYS_EMBED_SWIFT_STANDARD_LIBRARIES = YES;
				CODE_SIGN_STYLE = Automatic;
				DEVELOPMENT_TEAM = ZUN5U84697;
				INFOPLIST_FILE = "Project 13UITests/Info.plist";
				LD_RUNPATH_SEARCH_PATHS = (
					"$(inherited)",
					"@executable_path/Frameworks",
					"@loader_path/Frameworks",
				);
				PRODUCT_BUNDLE_IDENTIFIER = "Hello-World.Project-13UITests";
				PRODUCT_NAME = "$(TARGET_NAME)";
				SWIFT_VERSION = 4.2;
				TARGETED_DEVICE_FAMILY = "1,2";
				TEST_TARGET_NAME = "Project 13";
			};
			name = Release;
		};
/* End XCBuildConfiguration section */

/* Begin XCConfigurationList section */
		32A112642798242200C4C545 /* Build configuration list for PBXProject "Project 13" */ = {
			isa = XCConfigurationList;
			buildConfigurations = (
				32A1128F2798242400C4C545 /* Debug */,
				32A112902798242400C4C545 /* Release */,
			);
			defaultConfigurationIsVisible = 0;
			defaultConfigurationName = Release;
		};
		32A112912798242400C4C545 /* Build configuration list for PBXNativeTarget "Project 13" */ = {
			isa = XCConfigurationList;
			buildConfigurations = (
				32A112922798242400C4C545 /* Debug */,
				32A112932798242400C4C545 /* Release */,
			);
			defaultConfigurationIsVisible = 0;
			defaultConfigurationName = Release;
		};
		32A112942798242400C4C545 /* Build configuration list for PBXNativeTarget "Project 13Tests" */ = {
			isa = XCConfigurationList;
			buildConfigurations = (
				32A112952798242400C4C545 /* Debug */,
				32A112962798242400C4C545 /* Release */,
			);
			defaultConfigurationIsVisible = 0;
			defaultConfigurationName = Release;
		};
		32A112972798242400C4C545 /* Build configuration list for PBXNativeTarget "Project 13UITests" */ = {
			isa = XCConfigurationList;
			buildConfigurations = (
				32A112982798242400C4C545 /* Debug */,
				32A112992798242400C4C545 /* Release */,
			);
			defaultConfigurationIsVisible = 0;
			defaultConfigurationName = Release;
		};
/* End XCConfigurationList section */
	};
	rootObject = 32A112612798242200C4C545 /* Project object */;
}
